
Microsoft Visual Studio Solution File, Format Version 12.00
# Visual Studio 14
VisualStudioVersion = 14.0.24720.0
MinimumVisualStudioVersion = 10.0.40219.1
Project("{FAE04EC0-301F-11D3-BF4B-00C04F79EFBC}") = "FenixLib", "FenixLib\FenixLib.csproj", "{E110DF41-CAE8-4DCC-9A41-09864E5651DD}"
EndProject
Project("{FAE04EC0-301F-11D3-BF4B-00C04F79EFBC}") = "FenixLib.Tests", "FenixLib.Tests\FenixLib.Tests.csproj", "{8EDF4429-251A-416D-BB68-93F227191BCF}"
EndProject
Project("{FAE04EC0-301F-11D3-BF4B-00C04F79EFBC}") = "FenixLib.Gdip.Tests", "FenixLib.Gdip.Tests\FenixLib.Gdip.Tests.csproj", "{7AC0A191-1C8B-4D1D-978F-F1548BDA4A52}"
EndProject
Project("{FAE04EC0-301F-11D3-BF4B-00C04F79EFBC}") = "FenixLib.Gdip", "FenixLib.Gdip\FenixLib.Gdip.csproj", "{98E6EDD7-CC46-45F4-AC06-748EBC1BCD24}"
EndProject
Project("{FAE04EC0-301F-11D3-BF4B-00C04F79EFBC}") = "TailorBox", "TailorBox\TailorBox.csproj", "{937F152B-98BD-414A-A0BB-E20812682204}"
EndProject
Global
	GlobalSection(SolutionConfigurationPlatforms) = preSolution
		Debug|Any CPU = Debug|Any CPU
		Debug|ARM = Debug|ARM
		Debug|x64 = Debug|x64
		Debug|x86 = Debug|x86
		Release|Any CPU = Release|Any CPU
		Release|ARM = Release|ARM
		Release|x64 = Release|x64
		Release|x86 = Release|x86
	EndGlobalSection
	GlobalSection(ProjectConfigurationPlatforms) = postSolution
		{E110DF41-CAE8-4DCC-9A41-09864E5651DD}.Debug|Any CPU.ActiveCfg = Debug|Any CPU
		{E110DF41-CAE8-4DCC-9A41-09864E5651DD}.Debug|Any CPU.Build.0 = Debug|Any CPU
		{E110DF41-CAE8-4DCC-9A41-09864E5651DD}.Debug|ARM.ActiveCfg = Debug|Any CPU
		{E110DF41-CAE8-4DCC-9A41-09864E5651DD}.Debug|ARM.Build.0 = Debug|Any CPU
		{E110DF41-CAE8-4DCC-9A41-09864E5651DD}.Debug|x64.ActiveCfg = Debug|Any CPU
		{E110DF41-CAE8-4DCC-9A41-09864E5651DD}.Debug|x64.Build.0 = Debug|Any CPU
		{E110DF41-CAE8-4DCC-9A41-09864E5651DD}.Debug|x86.ActiveCfg = Debug|Any CPU
		{E110DF41-CAE8-4DCC-9A41-09864E5651DD}.Debug|x86.Build.0 = Debug|Any CPU
		{E110DF41-CAE8-4DCC-9A41-09864E5651DD}.Release|Any CPU.ActiveCfg = Release|Any CPU
		{E110DF41-CAE8-4DCC-9A41-09864E5651DD}.Release|Any CPU.Build.0 = Release|Any CPU
		{E110DF41-CAE8-4DCC-9A41-09864E5651DD}.Release|ARM.ActiveCfg = Release|Any CPU
		{E110DF41-CAE8-4DCC-9A41-09864E5651DD}.Release|ARM.Build.0 = Release|Any CPU
		{E110DF41-CAE8-4DCC-9A41-09864E5651DD}.Release|x64.ActiveCfg = Release|Any CPU
		{E110DF41-CAE8-4DCC-9A41-09864E5651DD}.Release|x64.Build.0 = Release|Any CPU
		{E110DF41-CAE8-4DCC-9A41-09864E5651DD}.Release|x86.ActiveCfg = Release|Any CPU
		{E110DF41-CAE8-4DCC-9A41-09864E5651DD}.Release|x86.Build.0 = Release|Any CPU
		{8EDF4429-251A-416D-BB68-93F227191BCF}.Debug|Any CPU.ActiveCfg = Debug|Any CPU
		{8EDF4429-251A-416D-BB68-93F227191BCF}.Debug|Any CPU.Build.0 = Debug|Any CPU
		{8EDF4429-251A-416D-BB68-93F227191BCF}.Debug|ARM.ActiveCfg = Debug|Any CPU
		{8EDF4429-251A-416D-BB68-93F227191BCF}.Debug|ARM.Build.0 = Debug|Any CPU
		{8EDF4429-251A-416D-BB68-93F227191BCF}.Debug|x64.ActiveCfg = Debug|Any CPU
		{8EDF4429-251A-416D-BB68-93F227191BCF}.Debug|x64.Build.0 = Debug|Any CPU
		{8EDF4429-251A-416D-BB68-93F227191BCF}.Debug|x86.ActiveCfg = Debug|Any CPU
		{8EDF4429-251A-416D-BB68-93F227191BCF}.Debug|x86.Build.0 = Debug|Any CPU
		{8EDF4429-251A-416D-BB68-93F227191BCF}.Release|Any CPU.ActiveCfg = Release|Any CPU
		{8EDF4429-251A-416D-BB68-93F227191BCF}.Release|Any CPU.Build.0 = Release|Any CPU
		{8EDF4429-251A-416D-BB68-93F227191BCF}.Release|ARM.ActiveCfg = Release|Any CPU
		{8EDF4429-251A-416D-BB68-93F227191BCF}.Release|ARM.Build.0 = Release|Any CPU
		{8EDF4429-251A-416D-BB68-93F227191BCF}.Release|x64.ActiveCfg = Release|Any CPU
		{8EDF4429-251A-416D-BB68-93F227191BCF}.Release|x64.Build.0 = Release|Any CPU
		{8EDF4429-251A-416D-BB68-93F227191BCF}.Release|x86.ActiveCfg = Release|Any CPU
		{8EDF4429-251A-416D-BB68-93F227191BCF}.Release|x86.Build.0 = Release|Any CPU
		{7AC0A191-1C8B-4D1D-978F-F1548BDA4A52}.Debug|Any CPU.ActiveCfg = Debug|Any CPU
		{7AC0A191-1C8B-4D1D-978F-F1548BDA4A52}.Debug|Any CPU.Build.0 = Debug|Any CPU
		{7AC0A191-1C8B-4D1D-978F-F1548BDA4A52}.Debug|ARM.ActiveCfg = Debug|Any CPU
		{7AC0A191-1C8B-4D1D-978F-F1548BDA4A52}.Debug|ARM.Build.0 = Debug|Any CPU
		{7AC0A191-1C8B-4D1D-978F-F1548BDA4A52}.Debug|x64.ActiveCfg = Debug|Any CPU
		{7AC0A191-1C8B-4D1D-978F-F1548BDA4A52}.Debug|x64.Build.0 = Debug|Any CPU
		{7AC0A191-1C8B-4D1D-978F-F1548BDA4A52}.Debug|x86.ActiveCfg = Debug|Any CPU
		{7AC0A191-1C8B-4D1D-978F-F1548BDA4A52}.Debug|x86.Build.0 = Debug|Any CPU
		{7AC0A191-1C8B-4D1D-978F-F1548BDA4A52}.Release|Any CPU.ActiveCfg = Release|Any CPU
		{7AC0A191-1C8B-4D1D-978F-F1548BDA4A52}.Release|Any CPU.Build.0 = Release|Any CPU
		{7AC0A191-1C8B-4D1D-978F-F1548BDA4A52}.Release|ARM.ActiveCfg = Release|Any CPU
		{7AC0A191-1C8B-4D1D-978F-F1548BDA4A52}.Release|ARM.Build.0 = Release|Any CPU
		{7AC0A191-1C8B-4D1D-978F-F1548BDA4A52}.Release|x64.ActiveCfg = Release|Any CPU
		{7AC0A191-1C8B-4D1D-978F-F1548BDA4A52}.Release|x64.Build.0 = Release|Any CPU
		{7AC0A191-1C8B-4D1D-978F-F1548BDA4A52}.Release|x86.ActiveCfg = Release|Any CPU
		{7AC0A191-1C8B-4D1D-978F-F1548BDA4A52}.Release|x86.Build.0 = Release|Any CPU
		{98E6EDD7-CC46-45F4-AC06-748EBC1BCD24}.Debug|Any CPU.ActiveCfg = Debug|Any CPU
		{98E6EDD7-CC46-45F4-AC06-748EBC1BCD24}.Debug|Any CPU.Build.0 = Debug|Any CPU
		{98E6EDD7-CC46-45F4-AC06-748EBC1BCD24}.Debug|ARM.ActiveCfg = Debug|Any CPU
		{98E6EDD7-CC46-45F4-AC06-748EBC1BCD24}.Debug|ARM.Build.0 = Debug|Any CPU
		{98E6EDD7-CC46-45F4-AC06-748EBC1BCD24}.Debug|x64.ActiveCfg = Debug|Any CPU
		{98E6EDD7-CC46-45F4-AC06-748EBC1BCD24}.Debug|x64.Build.0 = Debug|Any CPU
		{98E6EDD7-CC46-45F4-AC06-748EBC1BCD24}.Debug|x86.ActiveCfg = Debug|Any CPU
		{98E6EDD7-CC46-45F4-AC06-748EBC1BCD24}.Debug|x86.Build.0 = Debug|Any CPU
		{98E6EDD7-CC46-45F4-AC06-748EBC1BCD24}.Release|Any CPU.ActiveCfg = Release|Any CPU
		{98E6EDD7-CC46-45F4-AC06-748EBC1BCD24}.Release|Any CPU.Build.0 = Release|Any CPU
		{98E6EDD7-CC46-45F4-AC06-748EBC1BCD24}.Release|ARM.ActiveCfg = Release|Any CPU
		{98E6EDD7-CC46-45F4-AC06-748EBC1BCD24}.Release|ARM.Build.0 = Release|Any CPU
		{98E6EDD7-CC46-45F4-AC06-748EBC1BCD24}.Release|x64.ActiveCfg = Release|Any CPU
		{98E6EDD7-CC46-45F4-AC06-748EBC1BCD24}.Release|x64.Build.0 = Release|Any CPU
		{98E6EDD7-CC46-45F4-AC06-748EBC1BCD24}.Release|x86.ActiveCfg = Release|Any CPU
		{98E6EDD7-CC46-45F4-AC06-748EBC1BCD24}.Release|x86.Build.0 = Release|Any CPU
		{937F152B-98BD-414A-A0BB-E20812682204}.Debug|Any CPU.ActiveCfg = Debug|x86
		{937F152B-98BD-414A-A0BB-E20812682204}.Debug|ARM.ActiveCfg = Debug|x86
		{937F152B-98BD-414A-A0BB-E20812682204}.Debug|x64.ActiveCfg = Debug|x86
		{937F152B-98BD-414A-A0BB-E20812682204}.Debug|x86.ActiveCfg = Debug|x86
		{937F152B-98BD-414A-A0BB-E20812682204}.Debug|x86.Build.0 = Debug|x86
		{937F152B-98BD-414A-A0BB-E20812682204}.Release|Any CPU.ActiveCfg = Release|x86
		{937F152B-98BD-414A-A0BB-E20812682204}.Release|ARM.ActiveCfg = Release|x86
		{937F152B-98BD-414A-A0BB-E20812682204}.Release|x64.ActiveCfg = Release|x86
		{937F152B-98BD-414A-A0BB-E20812682204}.Release|x86.ActiveCfg = Release|x86
		{937F152B-98BD-414A-A0BB-E20812682204}.Release|x86.Build.0 = Release|x86
	EndGlobalSection
	GlobalSection(SolutionProperties) = preSolution
		HideSolutionNode = FALSE
	EndGlobalSection
EndGlobal
